// !$*UTF8*$!
{
	archiveVersion = 1;
	classes = {
	};
	objectVersion = 46;
	objects = {

/* Begin PBXBuildFile section */
		A6D826311CC0CD1C000FC1A8 /* AppDelegate.swift in Sources */ = {isa = PBXBuildFile; fileRef = A6D826301CC0CD1C000FC1A8 /* AppDelegate.swift */; };
		A6D826331CC0CD1C000FC1A8 /* ViewController.swift in Sources */ = {isa = PBXBuildFile; fileRef = A6D826321CC0CD1C000FC1A8 /* ViewController.swift */; };
		A6D826361CC0CD1C000FC1A8 /* Main.storyboard in Resources */ = {isa = PBXBuildFile; fileRef = A6D826341CC0CD1C000FC1A8 /* Main.storyboard */; };
		A6D826381CC0CD1C000FC1A8 /* Assets.xcassets in Resources */ = {isa = PBXBuildFile; fileRef = A6D826371CC0CD1C000FC1A8 /* Assets.xcassets */; };
		A6D8263B1CC0CD1C000FC1A8 /* LaunchScreen.storyboard in Resources */ = {isa = PBXBuildFile; fileRef = A6D826391CC0CD1C000FC1A8 /* LaunchScreen.storyboard */; };
		A6D826461CC0CD1C000FC1A8 /* Test_FTPTests.swift in Sources */ = {isa = PBXBuildFile; fileRef = A6D826451CC0CD1C000FC1A8 /* Test_FTPTests.swift */; };
		A6D826511CC0CD1C000FC1A8 /* Test_FTPUITests.swift in Sources */ = {isa = PBXBuildFile; fileRef = A6D826501CC0CD1C000FC1A8 /* Test_FTPUITests.swift */; };
/* End PBXBuildFile section */

/* Begin PBXContainerItemProxy section */
		A6D826421CC0CD1C000FC1A8 /* PBXContainerItemProxy */ = {
			isa = PBXContainerItemProxy;
			containerPortal = A6D826251CC0CD1C000FC1A8 /* Project object */;
			proxyType = 1;
			remoteGlobalIDString = A6D8262C1CC0CD1C000FC1A8;
			remoteInfo = Test_FTP;
		};
		A6D8264D1CC0CD1C000FC1A8 /* PBXContainerItemProxy */ = {
			isa = PBXContainerItemProxy;
			containerPortal = A6D826251CC0CD1C000FC1A8 /* Project object */;
			proxyType = 1;
			remoteGlobalIDString = A6D8262C1CC0CD1C000FC1A8;
			remoteInfo = Test_FTP;
		};
/* End PBXContainerItemProxy section */

/* Begin PBXFileReference section */
		A6D8262D1CC0CD1C000FC1A8 /* Test_FTP.app */ = {isa = PBXFileReference; explicitFileType = wrapper.application; includeInIndex = 0; path = Test_FTP.app; sourceTree = BUILT_PRODUCTS_DIR; };
		A6D826301CC0CD1C000FC1A8 /* AppDelegate.swift */ = {isa = PBXFileReference; lastKnownFileType = sourcecode.swift; path = AppDelegate.swift; sourceTree = "<group>"; };
		A6D826321CC0CD1C000FC1A8 /* ViewController.swift */ = {isa = PBXFileReference; lastKnownFileType = sourcecode.swift; path = ViewController.swift; sourceTree = "<group>"; };
		A6D826351CC0CD1C000FC1A8 /* Base */ = {isa = PBXFileReference; lastKnownFileType = file.storyboard; name = Base; path = Base.lproj/Main.storyboard; sourceTree = "<group>"; };
		A6D826371CC0CD1C000FC1A8 /* Assets.xcassets */ = {isa = PBXFileReference; lastKnownFileType = folder.assetcatalog; path = Assets.xcassets; sourceTree = "<group>"; };
		A6D8263A1CC0CD1C000FC1A8 /* Base */ = {isa = PBXFileReference; lastKnownFileType = file.storyboard; name = Base; path = Base.lproj/LaunchScreen.storyboard; sourceTree = "<group>"; };
		A6D8263C1CC0CD1C000FC1A8 /* Info.plist */ = {isa = PBXFileReference; lastKnownFileType = text.plist.xml; path = Info.plist; sourceTree = "<group>"; };
		A6D826411CC0CD1C000FC1A8 /* Test_FTPTests.xctest */ = {isa = PBXFileReference; explicitFileType = wrapper.cfbundle; includeInIndex = 0; path = Test_FTPTests.xctest; sourceTree = BUILT_PRODUCTS_DIR; };
		A6D826451CC0CD1C000FC1A8 /* Test_FTPTests.swift */ = {isa = PBXFileReference; lastKnownFileType = sourcecode.swift; path = Test_FTPTests.swift; sourceTree = "<group>"; };
		A6D826471CC0CD1C000FC1A8 /* Info.plist */ = {isa = PBXFileReference; lastKnownFileType = text.plist.xml; path = Info.plist; sourceTree = "<group>"; };
		A6D8264C1CC0CD1C000FC1A8 /* Test_FTPUITests.xctest */ = {isa = PBXFileReference; explicitFileType = wrapper.cfbundle; includeInIndex = 0; path = Test_FTPUITests.xctest; sourceTree = BUILT_PRODUCTS_DIR; };
		A6D826501CC0CD1C000FC1A8 /* Test_FTPUITests.swift */ = {isa = PBXFileReference; lastKnownFileType = sourcecode.swift; path = Test_FTPUITests.swift; sourceTree = "<group>"; };
		A6D826521CC0CD1C000FC1A8 /* Info.plist */ = {isa = PBXFileReference; lastKnownFileType = text.plist.xml; path = Info.plist; sourceTree = "<group>"; };
/* End PBXFileReference section */

/* Begin PBXFrameworksBuildPhase section */
		A6D8262A1CC0CD1C000FC1A8 /* Frameworks */ = {
			isa = PBXFrameworksBuildPhase;
			buildActionMask = 2147483647;
			files = (
			);
			runOnlyForDeploymentPostprocessing = 0;
		};
		A6D8263E1CC0CD1C000FC1A8 /* Frameworks */ = {
			isa = PBXFrameworksBuildPhase;
			buildActionMask = 2147483647;
			files = (
			);
			runOnlyForDeploymentPostprocessing = 0;
		};
		A6D826491CC0CD1C000FC1A8 /* Frameworks */ = {
			isa = PBXFrameworksBuildPhase;
			buildActionMask = 2147483647;
			files = (
			);
			runOnlyForDeploymentPostprocessing = 0;
		};
/* End PBXFrameworksBuildPhase section */

/* Begin PBXGroup section */
		A6D826241CC0CD1C000FC1A8 = {
			isa = PBXGroup;
			children = (
				A6D8262F1CC0CD1C000FC1A8 /* Test_FTP */,
				A6D826441CC0CD1C000FC1A8 /* Test_FTPTests */,
				A6D8264F1CC0CD1C000FC1A8 /* Test_FTPUITests */,
				A6D8262E1CC0CD1C000FC1A8 /* Products */,
			);
			sourceTree = "<group>";
		};
		A6D8262E1CC0CD1C000FC1A8 /* Products */ = {
			isa = PBXGroup;
			children = (
				A6D8262D1CC0CD1C000FC1A8 /* Test_FTP.app */,
				A6D826411CC0CD1C000FC1A8 /* Test_FTPTests.xctest */,
				A6D8264C1CC0CD1C000FC1A8 /* Test_FTPUITests.xctest */,
			);
			name = Products;
			sourceTree = "<group>";
		};
		A6D8262F1CC0CD1C000FC1A8 /* Test_FTP */ = {
			isa = PBXGroup;
			children = (
				A6D826301CC0CD1C000FC1A8 /* AppDelegate.swift */,
				A6D826321CC0CD1C000FC1A8 /* ViewController.swift */,
				A6D826341CC0CD1C000FC1A8 /* Main.storyboard */,
				A6D826371CC0CD1C000FC1A8 /* Assets.xcassets */,
				A6D826391CC0CD1C000FC1A8 /* LaunchScreen.storyboard */,
				A6D8263C1CC0CD1C000FC1A8 /* Info.plist */,
			);
			path = Test_FTP;
			sourceTree = "<group>";
		};
		A6D826441CC0CD1C000FC1A8 /* Test_FTPTests */ = {
			isa = PBXGroup;
			children = (
				A6D826451CC0CD1C000FC1A8 /* Test_FTPTests.swift */,
				A6D826471CC0CD1C000FC1A8 /* Info.plist */,
			);
			path = Test_FTPTests;
			sourceTree = "<group>";
		};
		A6D8264F1CC0CD1C000FC1A8 /* Test_FTPUITests */ = {
			isa = PBXGroup;
			children = (
				A6D826501CC0CD1C000FC1A8 /* Test_FTPUITests.swift */,
				A6D826521CC0CD1C000FC1A8 /* Info.plist */,
			);
			path = Test_FTPUITests;
			sourceTree = "<group>";
		};
/* End PBXGroup section */

/* Begin PBXNativeTarget section */
		A6D8262C1CC0CD1C000FC1A8 /* Test_FTP */ = {
			isa = PBXNativeTarget;
			buildConfigurationList = A6D826551CC0CD1C000FC1A8 /* Build configuration list for PBXNativeTarget "Test_FTP" */;
			buildPhases = (
				A6D826291CC0CD1C000FC1A8 /* Sources */,
				A6D8262A1CC0CD1C000FC1A8 /* Frameworks */,
				A6D8262B1CC0CD1C000FC1A8 /* Resources */,
			);
			buildRules = (
			);
			dependencies = (
			);
			name = Test_FTP;
			productName = Test_FTP;
			productReference = A6D8262D1CC0CD1C000FC1A8 /* Test_FTP.app */;
			productType = "com.apple.product-type.application";
		};
		A6D826401CC0CD1C000FC1A8 /* Test_FTPTests */ = {
			isa = PBXNativeTarget;
			buildConfigurationList = A6D826581CC0CD1C000FC1A8 /* Build configuration list for PBXNativeTarget "Test_FTPTests" */;
			buildPhases = (
				A6D8263D1CC0CD1C000FC1A8 /* Sources */,
				A6D8263E1CC0CD1C000FC1A8 /* Frameworks */,
				A6D8263F1CC0CD1C000FC1A8 /* Resources */,
			);
			buildRules = (
			);
			dependencies = (
				A6D826431CC0CD1C000FC1A8 /* PBXTargetDependency */,
			);
			name = Test_FTPTests;
			productName = Test_FTPTests;
			productReference = A6D826411CC0CD1C000FC1A8 /* Test_FTPTests.xctest */;
			productType = "com.apple.product-type.bundle.unit-test";
		};
		A6D8264B1CC0CD1C000FC1A8 /* Test_FTPUITests */ = {
			isa = PBXNativeTarget;
			buildConfigurationList = A6D8265B1CC0CD1C000FC1A8 /* Build configuration list for PBXNativeTarget "Test_FTPUITests" */;
			buildPhases = (
				A6D826481CC0CD1C000FC1A8 /* Sources */,
				A6D826491CC0CD1C000FC1A8 /* Frameworks */,
				A6D8264A1CC0CD1C000FC1A8 /* Resources */,
			);
			buildRules = (
			);
			dependencies = (
				A6D8264E1CC0CD1C000FC1A8 /* PBXTargetDependency */,
			);
			name = Test_FTPUITests;
			productName = Test_FTPUITests;
			productReference = A6D8264C1CC0CD1C000FC1A8 /* Test_FTPUITests.xctest */;
			productType = "com.apple.product-type.bundle.ui-testing";
		};
/* End PBXNativeTarget section */

/* Begin PBXProject section */
		A6D826251CC0CD1C000FC1A8 /* Project object */ = {
			isa = PBXProject;
			attributes = {
				LastSwiftUpdateCheck = 0730;
				LastUpgradeCheck = 0730;
				ORGANIZATIONNAME = "Cédric Chambaz";
				TargetAttributes = {
					A6D8262C1CC0CD1C000FC1A8 = {
						CreatedOnToolsVersion = 7.3;
					};
					A6D826401CC0CD1C000FC1A8 = {
						CreatedOnToolsVersion = 7.3;
						TestTargetID = A6D8262C1CC0CD1C000FC1A8;
					};
					A6D8264B1CC0CD1C000FC1A8 = {
						CreatedOnToolsVersion = 7.3;
						TestTargetID = A6D8262C1CC0CD1C000FC1A8;
					};
				};
			};
			buildConfigurationList = A6D826281CC0CD1C000FC1A8 /* Build configuration list for PBXProject "Test_FTP" */;
			compatibilityVersion = "Xcode 3.2";
			developmentRegion = English;
			hasScannedForEncodings = 0;
			knownRegions = (
				en,
				Base,
			);
			mainGroup = A6D826241CC0CD1C000FC1A8;
			productRefGroup = A6D8262E1CC0CD1C000FC1A8 /* Products */;
			projectDirPath = "";
			projectRoot = "";
			targets = (
				A6D8262C1CC0CD1C000FC1A8 /* Test_FTP */,
				A6D826401CC0CD1C000FC1A8 /* Test_FTPTests */,
				A6D8264B1CC0CD1C000FC1A8 /* Test_FTPUITests */,
			);
		};
/* End PBXProject section */

/* Begin PBXResourcesBuildPhase section */
		A6D8262B1CC0CD1C000FC1A8 /* Resources */ = {
			isa = PBXResourcesBuildPhase;
			buildActionMask = 2147483647;
			files = (
				A6D8263B1CC0CD1C000FC1A8 /* LaunchScreen.storyboard in Resources */,
				A6D826381CC0CD1C000FC1A8 /* Assets.xcassets in Resources */,
				A6D826361CC0CD1C000FC1A8 /* Main.storyboard in Resources */,
			);
			runOnlyForDeploymentPostprocessing = 0;
		};
		A6D8263F1CC0CD1C000FC1A8 /* Resources */ = {
			isa = PBXResourcesBuildPhase;
			buildActionMask = 2147483647;
			files = (
			);
			runOnlyForDeploymentPostprocessing = 0;
		};
		A6D8264A1CC0CD1C000FC1A8 /* Resources */ = {
			isa = PBXResourcesBuildPhase;
			buildActionMask = 2147483647;
			files = (
			);
			runOnlyForDeploymentPostprocessing = 0;
		};
/* End PBXResourcesBuildPhase section */

/* Begin PBXSourcesBuildPhase section */
		A6D826291CC0CD1C000FC1A8 /* Sources */ = {
			isa = PBXSourcesBuildPhase;
			buildActionMask = 2147483647;
			files = (
				A6D826331CC0CD1C000FC1A8 /* ViewController.swift in Sources */,
				A6D826311CC0CD1C000FC1A8 /* AppDelegate.swift in Sources */,
			);
			runOnlyForDeploymentPostprocessing = 0;
		};
		A6D8263D1CC0CD1C000FC1A8 /* Sources */ = {
			isa = PBXSourcesBuildPhase;
			buildActionMask = 2147483647;
			files = (
				A6D826461CC0CD1C000FC1A8 /* Test_FTPTests.swift in Sources */,
			);
			runOnlyForDeploymentPostprocessing = 0;
		};
		A6D826481CC0CD1C000FC1A8 /* Sources */ = {
			isa = PBXSourcesBuildPhase;
			buildActionMask = 2147483647;
			files = (
				A6D826511CC0CD1C000FC1A8 /* Test_FTPUITests.swift in Sources */,
			);
			runOnlyForDeploymentPostprocessing = 0;
		};
/* End PBXSourcesBuildPhase section */

/* Begin PBXTargetDependency section */
		A6D826431CC0CD1C000FC1A8 /* PBXTargetDependency */ = {
			isa = PBXTargetDependency;
			target = A6D8262C1CC0CD1C000FC1A8 /* Test_FTP */;
			targetProxy = A6D826421CC0CD1C000FC1A8 /* PBXContainerItemProxy */;
		};
		A6D8264E1CC0CD1C000FC1A8 /* PBXTargetDependency */ = {
			isa = PBXTargetDependency;
			target = A6D8262C1CC0CD1C000FC1A8 /* Test_FTP */;
			targetProxy = A6D8264D1CC0CD1C000FC1A8 /* PBXContainerItemProxy */;
		};
/* End PBXTargetDependency section */

/* Begin PBXVariantGroup section */
		A6D826341CC0CD1C000FC1A8 /* Main.storyboard */ = {
			isa = PBXVariantGroup;
			children = (
				A6D826351CC0CD1C000FC1A8 /* Base */,
			);
			name = Main.storyboard;
			sourceTree = "<group>";
		};
		A6D826391CC0CD1C000FC1A8 /* LaunchScreen.storyboard */ = {
			isa = PBXVariantGroup;
			children = (
				A6D8263A1CC0CD1C000FC1A8 /* Base */,
			);
			name = LaunchScreen.storyboard;
			sourceTree = "<group>";
		};
/* End PBXVariantGroup section */

/* Begin XCBuildConfiguration section */
		A6D826531CC0CD1C000FC1A8 /* Debug */ = {
			isa = XCBuildConfiguration;
			buildSettings = {
				ALWAYS_SEARCH_USER_PATHS = NO;
				CLANG_ANALYZER_NONNULL = YES;
				CLANG_CXX_LANGUAGE_STANDARD = "gnu++0x";
				CLANG_CXX_LIBRARY = "libc++";
				CLANG_ENABLE_MODULES = YES;
				CLANG_ENABLE_OBJC_ARC = YES;
				CLANG_WARN_BOOL_CONVERSION = YES;
				CLANG_WARN_CONSTANT_CONVERSION = YES;
				CLANG_WARN_DIRECT_OBJC_ISA_USAGE = YES_ERROR;
				CLANG_WARN_EMPTY_BODY = YES;
				CLANG_WARN_ENUM_CONVERSION = YES;
				CLANG_WARN_INT_CONVERSION = YES;
				CLANG_WARN_OBJC_ROOT_CLASS = YES_ERROR;
				CLANG_WARN_UNREACHABLE_CODE = YES;
				CLANG_WARN__DUPLICATE_METHOD_MATCH = YES;
				"CODE_SIGN_IDENTITY[sdk=iphoneos*]" = "iPhone Developer";
				COPY_PHASE_STRIP = NO;
				DEBUG_INFORMATION_FORMAT = dwarf;
				ENABLE_STRICT_OBJC_MSGSEND = YES;
				ENABLE_TESTABILITY = YES;
				GCC_C_LANGUAGE_STANDARD = gnu99;
				GCC_DYNAMIC_NO_PIC = NO;
				GCC_NO_COMMON_BLOCKS = YES;
				GCC_OPTIMIZATION_LEVEL = 0;
				GCC_PREPROCESSOR_DEFINITIONS = (
					"DEBUG=1",
					"$(inherited)",
				);
				GCC_WARN_64_TO_32_BIT_CONVERSION = YES;
				GCC_WARN_ABOUT_RETURN_TYPE = YES_ERROR;
				GCC_WARN_UNDECLARED_SELECTOR = YES;
				GCC_WARN_UNINITIALIZED_AUTOS = YES_AGGRESSIVE;
				GCC_WARN_UNUSED_FUNCTION = YES;
				GCC_WARN_UNUSED_VARIABLE = YES;
				IPHONEOS_DEPLOYMENT_TARGET = 9.3;
				MTL_ENABLE_DEBUG_INFO = YES;
				ONLY_ACTIVE_ARCH = YES;
				SDKROOT = iphoneos;
				SWIFT_OPTIMIZATION_LEVEL = "-Onone";
				TARGETED_DEVICE_FAMILY = "1,2";
			};
			name = Debug;
		};
		A6D826541CC0CD1C000FC1A8 /* Release */ = {
			isa = XCBuildConfiguration;
			buildSettings = {
				ALWAYS_SEARCH_USER_PATHS = NO;
				CLANG_ANALYZER_NONNULL = YES;
				CLANG_CXX_LANGUAGE_STANDARD = "gnu++0x";
				CLANG_CXX_LIBRARY = "libc++";
				CLANG_ENABLE_MODULES = YES;
				CLANG_ENABLE_OBJC_ARC = YES;
				CLANG_WARN_BOOL_CONVERSION = YES;
				CLANG_WARN_CONSTANT_CONVERSION = YES;
				CLANG_WARN_DIRECT_OBJC_ISA_USAGE = YES_ERROR;
				CLANG_WARN_EMPTY_BODY = YES;
				CLANG_WARN_ENUM_CONVERSION = YES;
				CLANG_WARN_INT_CONVERSION = YES;
				CLANG_WARN_OBJC_ROOT_CLASS = YES_ERROR;
				CLANG_WARN_UNREACHABLE_CODE = YES;
				CLANG_WARN__DUPLICATE_METHOD_MATCH = YES;
				"CODE_SIGN_IDENTITY[sdk=iphoneos*]" = "iPhone Developer";
				COPY_PHASE_STRIP = NO;
				DEBUG_INFORMATION_FORMAT = "dwarf-with-dsym";
				ENABLE_NS_ASSERTIONS = NO;
				ENABLE_STRICT_OBJC_MSGSEND = YES;
				GCC_C_LANGUAGE_STANDARD = gnu99;
				GCC_NO_COMMON_BLOCKS = YES;
				GCC_WARN_64_TO_32_BIT_CONVERSION = YES;
				GCC_WARN_ABOUT_RETURN_TYPE = YES_ERROR;
				GCC_WARN_UNDECLARED_SELECTOR = YES;
				GCC_WARN_UNINITIALIZED_AUTOS = YES_AGGRESSIVE;
				GCC_WARN_UNUSED_FUNCTION = YES;
				GCC_WARN_UNUSED_VARIABLE = YES;
				IPHONEOS_DEPLOYMENT_TARGET = 9.3;
				MTL_ENABLE_DEBUG_INFO = NO;
				SDKROOT = iphoneos;
				TARGETED_DEVICE_FAMILY = "1,2";
				VALIDATE_PRODUCT = YES;
			};
			name = Release;
		};
		A6D826561CC0CD1C000FC1A8 /* Debug */ = {
			isa = XCBuildConfiguration;
			buildSettings = {
				ASSETCATALOG_COMPILER_APPICON_NAME = AppIcon;
				FRAMEWORK_SEARCH_PATHS = (
					"$(inherited)",
					"$(PROJECT_DIR)/AudioKit-iOS",
				);
				INFOPLIST_FILE = Test_FTP/Info.plist;
				LD_RUNPATH_SEARCH_PATHS = "$(inherited) @executable_path/Frameworks";
				PRODUCT_BUNDLE_IDENTIFIER = "ETML.Test-FTP";
				PRODUCT_NAME = "$(TARGET_NAME)";
			};
			name = Debug;
		};
		A6D826571CC0CD1C000FC1A8 /* Release */ = {
			isa = XCBuildConfiguration;
			buildSettings = {
				ASSETCATALOG_COMPILER_APPICON_NAME = AppIcon;
				FRAMEWORK_SEARCH_PATHS = (
					"$(inherited)",
					"$(PROJECT_DIR)/AudioKit-iOS",
				);
				INFOPLIST_FILE = Test_FTP/Info.plist;
				LD_RUNPATH_SEARCH_PATHS = "$(inherited) @executable_path/Frameworks";
				PRODUCT_BUNDLE_IDENTIFIER = "ETML.Test-FTP";
				PRODUCT_NAME = "$(TARGET_NAME)";
			};
			name = Release;
		};
		A6D826591CC0CD1C000FC1A8 /* Debug */ = {
			isa = XCBuildConfiguration;
			buildSettings = {
				BUNDLE_LOADER = "$(TEST_HOST)";
				INFOPLIST_FILE = Test_FTPTests/Info.plist;
				LD_RUNPATH_SEARCH_PATHS = "$(inherited) @executable_path/Frameworks @loader_path/Frameworks";
				PRODUCT_BUNDLE_IDENTIFIER = "ETML.Test-FTPTests";
				PRODUCT_NAME = "$(TARGET_NAME)";
				TEST_HOST = "$(BUILT_PRODUCTS_DIR)/Test_FTP.app/Test_FTP";
			};
			name = Debug;
		};
		A6D8265A1CC0CD1C000FC1A8 /* Release */ = {
			isa = XCBuildConfiguration;
			buildSettings = {
				BUNDLE_LOADER = "$(TEST_HOST)";
				INFOPLIST_FILE = Test_FTPTests/Info.plist;
				LD_RUNPATH_SEARCH_PATHS = "$(inherited) @executable_path/Frameworks @loader_path/Frameworks";
				PRODUCT_BUNDLE_IDENTIFIER = "ETML.Test-FTPTests";
				PRODUCT_NAME = "$(TARGET_NAME)";
				TEST_HOST = "$(BUILT_PRODUCTS_DIR)/Test_FTP.app/Test_FTP";
			};
			name = Release;
		};
		A6D8265C1CC0CD1C000FC1A8 /* Debug */ = {
			isa = XCBuildConfiguration;
			buildSettings = {
				INFOPLIST_FILE = Test_FTPUITests/Info.plist;
				LD_RUNPATH_SEARCH_PATHS = "$(inherited) @executable_path/Frameworks @loader_path/Frameworks";
				PRODUCT_BUNDLE_IDENTIFIER = "ETML.Test-FTPUITests";
				PRODUCT_NAME = "$(TARGET_NAME)";
				TEST_TARGET_NAME = Test_FTP;
			};
			name = Debug;
		};
		A6D8265D1CC0CD1C000FC1A8 /* Release */ = {
			isa = XCBuildConfiguration;
			buildSettings = {
				INFOPLIST_FILE = Test_FTPUITests/Info.plist;
				LD_RUNPATH_SEARCH_PATHS = "$(inherited) @executable_path/Frameworks @loader_path/Frameworks";
				PRODUCT_BUNDLE_IDENTIFIER = "ETML.Test-FTPUITests";
				PRODUCT_NAME = "$(TARGET_NAME)";
				TEST_TARGET_NAME = Test_FTP;
			};
			name = Release;
		};
/* End XCBuildConfiguration section */

/* Begin XCConfigurationList section */
		A6D826281CC0CD1C000FC1A8 /* Build configuration list for PBXProject "Test_FTP" */ = {
			isa = XCConfigurationList;
			buildConfigurations = (
				A6D826531CC0CD1C000FC1A8 /* Debug */,
				A6D826541CC0CD1C000FC1A8 /* Release */,
			);
			defaultConfigurationIsVisible = 0;
			defaultConfigurationName = Release;
		};
		A6D826551CC0CD1C000FC1A8 /* Build configuration list for PBXNativeTarget "Test_FTP" */ = {
			isa = XCConfigurationList;
			buildConfigurations = (
				A6D826561CC0CD1C000FC1A8 /* Debug */,
				A6D826571CC0CD1C000FC1A8 /* Release */,
			);
			defaultConfigurationIsVisible = 0;
		};
		A6D826581CC0CD1C000FC1A8 /* Build configuration list for PBXNativeTarget "Test_FTPTests" */ = {
			isa = XCConfigurationList;
			buildConfigurations = (
				A6D826591CC0CD1C000FC1A8 /* Debug */,
				A6D8265A1CC0CD1C000FC1A8 /* Release */,
			);
			defaultConfigurationIsVisible = 0;
		};
		A6D8265B1CC0CD1C000FC1A8 /* Build configuration list for PBXNativeTarget "Test_FTPUITests" */ = {
			isa = XCConfigurationList;
			buildConfigurations = (
				A6D8265C1CC0CD1C000FC1A8 /* Debug */,
				A6D8265D1CC0CD1C000FC1A8 /* Release */,
			);
			defaultConfigurationIsVisible = 0;
		};
/* End XCConfigurationList section */
	};
	rootObject = A6D826251CC0CD1C000FC1A8 /* Project object */;
}
