// !$*UTF8*$!
{
	archiveVersion = 1;
	classes = {
	};
	objectVersion = 46;
	objects = {

/* Begin PBXBuildFile section */
		A63761231CBE1BDD00E8B2EB /* AppDelegate.swift in Sources */ = {isa = PBXBuildFile; fileRef = A63761221CBE1BDD00E8B2EB /* AppDelegate.swift */; };
		A63761251CBE1BDD00E8B2EB /* ViewController.swift in Sources */ = {isa = PBXBuildFile; fileRef = A63761241CBE1BDD00E8B2EB /* ViewController.swift */; };
		A63761281CBE1BDD00E8B2EB /* Main.storyboard in Resources */ = {isa = PBXBuildFile; fileRef = A63761261CBE1BDD00E8B2EB /* Main.storyboard */; };
		A637612A1CBE1BDD00E8B2EB /* Assets.xcassets in Resources */ = {isa = PBXBuildFile; fileRef = A63761291CBE1BDD00E8B2EB /* Assets.xcassets */; };
		A637612D1CBE1BDD00E8B2EB /* LaunchScreen.storyboard in Resources */ = {isa = PBXBuildFile; fileRef = A637612B1CBE1BDD00E8B2EB /* LaunchScreen.storyboard */; };
		A63761381CBE1BDD00E8B2EB /* Test_AudioKitTests.swift in Sources */ = {isa = PBXBuildFile; fileRef = A63761371CBE1BDD00E8B2EB /* Test_AudioKitTests.swift */; };
		A63761431CBE1BDD00E8B2EB /* Test_AudioKitUITests.swift in Sources */ = {isa = PBXBuildFile; fileRef = A63761421CBE1BDD00E8B2EB /* Test_AudioKitUITests.swift */; };
		A637615D1CBE240100E8B2EB /* AudioKit.framework in Frameworks */ = {isa = PBXBuildFile; fileRef = A637615C1CBE240100E8B2EB /* AudioKit.framework */; };
		A637615E1CBE240100E8B2EB /* AudioKit.framework in Embed Frameworks */ = {isa = PBXBuildFile; fileRef = A637615C1CBE240100E8B2EB /* AudioKit.framework */; settings = {ATTRIBUTES = (CodeSignOnCopy, RemoveHeadersOnCopy, ); }; };
/* End PBXBuildFile section */

/* Begin PBXContainerItemProxy section */
		A63761341CBE1BDD00E8B2EB /* PBXContainerItemProxy */ = {
			isa = PBXContainerItemProxy;
			containerPortal = A63761171CBE1BDC00E8B2EB /* Project object */;
			proxyType = 1;
			remoteGlobalIDString = A637611E1CBE1BDC00E8B2EB;
			remoteInfo = Test_AudioKit;
		};
		A637613F1CBE1BDD00E8B2EB /* PBXContainerItemProxy */ = {
			isa = PBXContainerItemProxy;
			containerPortal = A63761171CBE1BDC00E8B2EB /* Project object */;
			proxyType = 1;
			remoteGlobalIDString = A637611E1CBE1BDC00E8B2EB;
			remoteInfo = Test_AudioKit;
		};
/* End PBXContainerItemProxy section */

/* Begin PBXCopyFilesBuildPhase section */
		A637615F1CBE240100E8B2EB /* Embed Frameworks */ = {
			isa = PBXCopyFilesBuildPhase;
			buildActionMask = 2147483647;
			dstPath = "";
			dstSubfolderSpec = 10;
			files = (
				A637615E1CBE240100E8B2EB /* AudioKit.framework in Embed Frameworks */,
			);
			name = "Embed Frameworks";
			runOnlyForDeploymentPostprocessing = 0;
		};
/* End PBXCopyFilesBuildPhase section */

/* Begin PBXFileReference section */
		A637611F1CBE1BDD00E8B2EB /* Test_AudioKit.app */ = {isa = PBXFileReference; explicitFileType = wrapper.application; includeInIndex = 0; path = Test_AudioKit.app; sourceTree = BUILT_PRODUCTS_DIR; };
		A63761221CBE1BDD00E8B2EB /* AppDelegate.swift */ = {isa = PBXFileReference; lastKnownFileType = sourcecode.swift; path = AppDelegate.swift; sourceTree = "<group>"; };
		A63761241CBE1BDD00E8B2EB /* ViewController.swift */ = {isa = PBXFileReference; lastKnownFileType = sourcecode.swift; path = ViewController.swift; sourceTree = "<group>"; };
		A63761271CBE1BDD00E8B2EB /* Base */ = {isa = PBXFileReference; lastKnownFileType = file.storyboard; name = Base; path = Base.lproj/Main.storyboard; sourceTree = "<group>"; };
		A63761291CBE1BDD00E8B2EB /* Assets.xcassets */ = {isa = PBXFileReference; lastKnownFileType = folder.assetcatalog; path = Assets.xcassets; sourceTree = "<group>"; };
		A637612C1CBE1BDD00E8B2EB /* Base */ = {isa = PBXFileReference; lastKnownFileType = file.storyboard; name = Base; path = Base.lproj/LaunchScreen.storyboard; sourceTree = "<group>"; };
		A637612E1CBE1BDD00E8B2EB /* Info.plist */ = {isa = PBXFileReference; lastKnownFileType = text.plist.xml; path = Info.plist; sourceTree = "<group>"; };
		A63761331CBE1BDD00E8B2EB /* Test_AudioKitTests.xctest */ = {isa = PBXFileReference; explicitFileType = wrapper.cfbundle; includeInIndex = 0; path = Test_AudioKitTests.xctest; sourceTree = BUILT_PRODUCTS_DIR; };
		A63761371CBE1BDD00E8B2EB /* Test_AudioKitTests.swift */ = {isa = PBXFileReference; lastKnownFileType = sourcecode.swift; path = Test_AudioKitTests.swift; sourceTree = "<group>"; };
		A63761391CBE1BDD00E8B2EB /* Info.plist */ = {isa = PBXFileReference; lastKnownFileType = text.plist.xml; path = Info.plist; sourceTree = "<group>"; };
		A637613E1CBE1BDD00E8B2EB /* Test_AudioKitUITests.xctest */ = {isa = PBXFileReference; explicitFileType = wrapper.cfbundle; includeInIndex = 0; path = Test_AudioKitUITests.xctest; sourceTree = BUILT_PRODUCTS_DIR; };
		A63761421CBE1BDD00E8B2EB /* Test_AudioKitUITests.swift */ = {isa = PBXFileReference; lastKnownFileType = sourcecode.swift; path = Test_AudioKitUITests.swift; sourceTree = "<group>"; };
		A63761441CBE1BDD00E8B2EB /* Info.plist */ = {isa = PBXFileReference; lastKnownFileType = text.plist.xml; path = Info.plist; sourceTree = "<group>"; };
		A637615C1CBE240100E8B2EB /* AudioKit.framework */ = {isa = PBXFileReference; lastKnownFileType = wrapper.framework; name = AudioKit.framework; path = "AudioKit-iOS/AudioKit.framework"; sourceTree = "<group>"; };
/* End PBXFileReference section */

/* Begin PBXFrameworksBuildPhase section */
		A637611C1CBE1BDC00E8B2EB /* Frameworks */ = {
			isa = PBXFrameworksBuildPhase;
			buildActionMask = 2147483647;
			files = (
				A637615D1CBE240100E8B2EB /* AudioKit.framework in Frameworks */,
			);
			runOnlyForDeploymentPostprocessing = 0;
		};
		A63761301CBE1BDD00E8B2EB /* Frameworks */ = {
			isa = PBXFrameworksBuildPhase;
			buildActionMask = 2147483647;
			files = (
			);
			runOnlyForDeploymentPostprocessing = 0;
		};
		A637613B1CBE1BDD00E8B2EB /* Frameworks */ = {
			isa = PBXFrameworksBuildPhase;
			buildActionMask = 2147483647;
			files = (
			);
			runOnlyForDeploymentPostprocessing = 0;
		};
/* End PBXFrameworksBuildPhase section */

/* Begin PBXGroup section */
		A63761161CBE1BDC00E8B2EB = {
			isa = PBXGroup;
			children = (
				A637615C1CBE240100E8B2EB /* AudioKit.framework */,
				A63761211CBE1BDD00E8B2EB /* Test_AudioKit */,
				A63761361CBE1BDD00E8B2EB /* Test_AudioKitTests */,
				A63761411CBE1BDD00E8B2EB /* Test_AudioKitUITests */,
				A63761201CBE1BDD00E8B2EB /* Products */,
			);
			sourceTree = "<group>";
		};
		A63761201CBE1BDD00E8B2EB /* Products */ = {
			isa = PBXGroup;
			children = (
				A637611F1CBE1BDD00E8B2EB /* Test_AudioKit.app */,
				A63761331CBE1BDD00E8B2EB /* Test_AudioKitTests.xctest */,
				A637613E1CBE1BDD00E8B2EB /* Test_AudioKitUITests.xctest */,
			);
			name = Products;
			sourceTree = "<group>";
		};
		A63761211CBE1BDD00E8B2EB /* Test_AudioKit */ = {
			isa = PBXGroup;
			children = (
				A63761221CBE1BDD00E8B2EB /* AppDelegate.swift */,
				A63761241CBE1BDD00E8B2EB /* ViewController.swift */,
				A63761261CBE1BDD00E8B2EB /* Main.storyboard */,
				A63761291CBE1BDD00E8B2EB /* Assets.xcassets */,
				A637612B1CBE1BDD00E8B2EB /* LaunchScreen.storyboard */,
				A637612E1CBE1BDD00E8B2EB /* Info.plist */,
			);
			path = Test_AudioKit;
			sourceTree = "<group>";
		};
		A63761361CBE1BDD00E8B2EB /* Test_AudioKitTests */ = {
			isa = PBXGroup;
			children = (
				A63761371CBE1BDD00E8B2EB /* Test_AudioKitTests.swift */,
				A63761391CBE1BDD00E8B2EB /* Info.plist */,
			);
			path = Test_AudioKitTests;
			sourceTree = "<group>";
		};
		A63761411CBE1BDD00E8B2EB /* Test_AudioKitUITests */ = {
			isa = PBXGroup;
			children = (
				A63761421CBE1BDD00E8B2EB /* Test_AudioKitUITests.swift */,
				A63761441CBE1BDD00E8B2EB /* Info.plist */,
			);
			path = Test_AudioKitUITests;
			sourceTree = "<group>";
		};
/* End PBXGroup section */

/* Begin PBXNativeTarget section */
		A637611E1CBE1BDC00E8B2EB /* Test_AudioKit */ = {
			isa = PBXNativeTarget;
			buildConfigurationList = A63761471CBE1BDD00E8B2EB /* Build configuration list for PBXNativeTarget "Test_AudioKit" */;
			buildPhases = (
				A637611B1CBE1BDC00E8B2EB /* Sources */,
				A637611C1CBE1BDC00E8B2EB /* Frameworks */,
				A637611D1CBE1BDC00E8B2EB /* Resources */,
				A637615F1CBE240100E8B2EB /* Embed Frameworks */,
			);
			buildRules = (
			);
			dependencies = (
			);
			name = Test_AudioKit;
			productName = Test_AudioKit;
			productReference = A637611F1CBE1BDD00E8B2EB /* Test_AudioKit.app */;
			productType = "com.apple.product-type.application";
		};
		A63761321CBE1BDD00E8B2EB /* Test_AudioKitTests */ = {
			isa = PBXNativeTarget;
			buildConfigurationList = A637614A1CBE1BDD00E8B2EB /* Build configuration list for PBXNativeTarget "Test_AudioKitTests" */;
			buildPhases = (
				A637612F1CBE1BDD00E8B2EB /* Sources */,
				A63761301CBE1BDD00E8B2EB /* Frameworks */,
				A63761311CBE1BDD00E8B2EB /* Resources */,
			);
			buildRules = (
			);
			dependencies = (
				A63761351CBE1BDD00E8B2EB /* PBXTargetDependency */,
			);
			name = Test_AudioKitTests;
			productName = Test_AudioKitTests;
			productReference = A63761331CBE1BDD00E8B2EB /* Test_AudioKitTests.xctest */;
			productType = "com.apple.product-type.bundle.unit-test";
		};
		A637613D1CBE1BDD00E8B2EB /* Test_AudioKitUITests */ = {
			isa = PBXNativeTarget;
			buildConfigurationList = A637614D1CBE1BDD00E8B2EB /* Build configuration list for PBXNativeTarget "Test_AudioKitUITests" */;
			buildPhases = (
				A637613A1CBE1BDD00E8B2EB /* Sources */,
				A637613B1CBE1BDD00E8B2EB /* Frameworks */,
				A637613C1CBE1BDD00E8B2EB /* Resources */,
			);
			buildRules = (
			);
			dependencies = (
				A63761401CBE1BDD00E8B2EB /* PBXTargetDependency */,
			);
			name = Test_AudioKitUITests;
			productName = Test_AudioKitUITests;
			productReference = A637613E1CBE1BDD00E8B2EB /* Test_AudioKitUITests.xctest */;
			productType = "com.apple.product-type.bundle.ui-testing";
		};
/* End PBXNativeTarget section */

/* Begin PBXProject section */
		A63761171CBE1BDC00E8B2EB /* Project object */ = {
			isa = PBXProject;
			attributes = {
				LastSwiftUpdateCheck = 0720;
				LastUpgradeCheck = 0720;
				ORGANIZATIONNAME = "Cédric Chambaz";
				TargetAttributes = {
					A637611E1CBE1BDC00E8B2EB = {
						CreatedOnToolsVersion = 7.2.1;
					};
					A63761321CBE1BDD00E8B2EB = {
						CreatedOnToolsVersion = 7.2.1;
						TestTargetID = A637611E1CBE1BDC00E8B2EB;
					};
					A637613D1CBE1BDD00E8B2EB = {
						CreatedOnToolsVersion = 7.2.1;
						TestTargetID = A637611E1CBE1BDC00E8B2EB;
					};
				};
			};
			buildConfigurationList = A637611A1CBE1BDC00E8B2EB /* Build configuration list for PBXProject "Test_AudioKit" */;
			compatibilityVersion = "Xcode 3.2";
			developmentRegion = English;
			hasScannedForEncodings = 0;
			knownRegions = (
				en,
				Base,
			);
			mainGroup = A63761161CBE1BDC00E8B2EB;
			productRefGroup = A63761201CBE1BDD00E8B2EB /* Products */;
			projectDirPath = "";
			projectRoot = "";
			targets = (
				A637611E1CBE1BDC00E8B2EB /* Test_AudioKit */,
				A63761321CBE1BDD00E8B2EB /* Test_AudioKitTests */,
				A637613D1CBE1BDD00E8B2EB /* Test_AudioKitUITests */,
			);
		};
/* End PBXProject section */

/* Begin PBXResourcesBuildPhase section */
		A637611D1CBE1BDC00E8B2EB /* Resources */ = {
			isa = PBXResourcesBuildPhase;
			buildActionMask = 2147483647;
			files = (
				A637612D1CBE1BDD00E8B2EB /* LaunchScreen.storyboard in Resources */,
				A637612A1CBE1BDD00E8B2EB /* Assets.xcassets in Resources */,
				A63761281CBE1BDD00E8B2EB /* Main.storyboard in Resources */,
			);
			runOnlyForDeploymentPostprocessing = 0;
		};
		A63761311CBE1BDD00E8B2EB /* Resources */ = {
			isa = PBXResourcesBuildPhase;
			buildActionMask = 2147483647;
			files = (
			);
			runOnlyForDeploymentPostprocessing = 0;
		};
		A637613C1CBE1BDD00E8B2EB /* Resources */ = {
			isa = PBXResourcesBuildPhase;
			buildActionMask = 2147483647;
			files = (
			);
			runOnlyForDeploymentPostprocessing = 0;
		};
/* End PBXResourcesBuildPhase section */

/* Begin PBXSourcesBuildPhase section */
		A637611B1CBE1BDC00E8B2EB /* Sources */ = {
			isa = PBXSourcesBuildPhase;
			buildActionMask = 2147483647;
			files = (
				A63761251CBE1BDD00E8B2EB /* ViewController.swift in Sources */,
				A63761231CBE1BDD00E8B2EB /* AppDelegate.swift in Sources */,
			);
			runOnlyForDeploymentPostprocessing = 0;
		};
		A637612F1CBE1BDD00E8B2EB /* Sources */ = {
			isa = PBXSourcesBuildPhase;
			buildActionMask = 2147483647;
			files = (
				A63761381CBE1BDD00E8B2EB /* Test_AudioKitTests.swift in Sources */,
			);
			runOnlyForDeploymentPostprocessing = 0;
		};
		A637613A1CBE1BDD00E8B2EB /* Sources */ = {
			isa = PBXSourcesBuildPhase;
			buildActionMask = 2147483647;
			files = (
				A63761431CBE1BDD00E8B2EB /* Test_AudioKitUITests.swift in Sources */,
			);
			runOnlyForDeploymentPostprocessing = 0;
		};
/* End PBXSourcesBuildPhase section */

/* Begin PBXTargetDependency section */
		A63761351CBE1BDD00E8B2EB /* PBXTargetDependency */ = {
			isa = PBXTargetDependency;
			target = A637611E1CBE1BDC00E8B2EB /* Test_AudioKit */;
			targetProxy = A63761341CBE1BDD00E8B2EB /* PBXContainerItemProxy */;
		};
		A63761401CBE1BDD00E8B2EB /* PBXTargetDependency */ = {
			isa = PBXTargetDependency;
			target = A637611E1CBE1BDC00E8B2EB /* Test_AudioKit */;
			targetProxy = A637613F1CBE1BDD00E8B2EB /* PBXContainerItemProxy */;
		};
/* End PBXTargetDependency section */

/* Begin PBXVariantGroup section */
		A63761261CBE1BDD00E8B2EB /* Main.storyboard */ = {
			isa = PBXVariantGroup;
			children = (
				A63761271CBE1BDD00E8B2EB /* Base */,
			);
			name = Main.storyboard;
			sourceTree = "<group>";
		};
		A637612B1CBE1BDD00E8B2EB /* LaunchScreen.storyboard */ = {
			isa = PBXVariantGroup;
			children = (
				A637612C1CBE1BDD00E8B2EB /* Base */,
			);
			name = LaunchScreen.storyboard;
			sourceTree = "<group>";
		};
/* End PBXVariantGroup section */

/* Begin XCBuildConfiguration section */
		A63761451CBE1BDD00E8B2EB /* Debug */ = {
			isa = XCBuildConfiguration;
			buildSettings = {
				ALWAYS_SEARCH_USER_PATHS = NO;
				CLANG_CXX_LANGUAGE_STANDARD = "gnu++0x";
				CLANG_CXX_LIBRARY = "libc++";
				CLANG_ENABLE_MODULES = YES;
				CLANG_ENABLE_OBJC_ARC = YES;
				CLANG_WARN_BOOL_CONVERSION = YES;
				CLANG_WARN_CONSTANT_CONVERSION = YES;
				CLANG_WARN_DIRECT_OBJC_ISA_USAGE = YES_ERROR;
				CLANG_WARN_EMPTY_BODY = YES;
				CLANG_WARN_ENUM_CONVERSION = YES;
				CLANG_WARN_INT_CONVERSION = YES;
				CLANG_WARN_OBJC_ROOT_CLASS = YES_ERROR;
				CLANG_WARN_UNREACHABLE_CODE = YES;
				CLANG_WARN__DUPLICATE_METHOD_MATCH = YES;
				"CODE_SIGN_IDENTITY[sdk=iphoneos*]" = "iPhone Developer";
				COPY_PHASE_STRIP = NO;
				DEBUG_INFORMATION_FORMAT = dwarf;
				ENABLE_STRICT_OBJC_MSGSEND = YES;
				ENABLE_TESTABILITY = YES;
				GCC_C_LANGUAGE_STANDARD = gnu99;
				GCC_DYNAMIC_NO_PIC = NO;
				GCC_NO_COMMON_BLOCKS = YES;
				GCC_OPTIMIZATION_LEVEL = 0;
				GCC_PREPROCESSOR_DEFINITIONS = (
					"DEBUG=1",
					"$(inherited)",
				);
				GCC_WARN_64_TO_32_BIT_CONVERSION = YES;
				GCC_WARN_ABOUT_RETURN_TYPE = YES_ERROR;
				GCC_WARN_UNDECLARED_SELECTOR = YES;
				GCC_WARN_UNINITIALIZED_AUTOS = YES_AGGRESSIVE;
				GCC_WARN_UNUSED_FUNCTION = YES;
				GCC_WARN_UNUSED_VARIABLE = YES;
				IPHONEOS_DEPLOYMENT_TARGET = 9.2;
				MTL_ENABLE_DEBUG_INFO = YES;
				ONLY_ACTIVE_ARCH = YES;
				SDKROOT = iphoneos;
				SWIFT_OPTIMIZATION_LEVEL = "-Onone";
				TARGETED_DEVICE_FAMILY = "1,2";
			};
			name = Debug;
		};
		A63761461CBE1BDD00E8B2EB /* Release */ = {
			isa = XCBuildConfiguration;
			buildSettings = {
				ALWAYS_SEARCH_USER_PATHS = NO;
				CLANG_CXX_LANGUAGE_STANDARD = "gnu++0x";
				CLANG_CXX_LIBRARY = "libc++";
				CLANG_ENABLE_MODULES = YES;
				CLANG_ENABLE_OBJC_ARC = YES;
				CLANG_WARN_BOOL_CONVERSION = YES;
				CLANG_WARN_CONSTANT_CONVERSION = YES;
				CLANG_WARN_DIRECT_OBJC_ISA_USAGE = YES_ERROR;
				CLANG_WARN_EMPTY_BODY = YES;
				CLANG_WARN_ENUM_CONVERSION = YES;
				CLANG_WARN_INT_CONVERSION = YES;
				CLANG_WARN_OBJC_ROOT_CLASS = YES_ERROR;
				CLANG_WARN_UNREACHABLE_CODE = YES;
				CLANG_WARN__DUPLICATE_METHOD_MATCH = YES;
				"CODE_SIGN_IDENTITY[sdk=iphoneos*]" = "iPhone Developer";
				COPY_PHASE_STRIP = NO;
				DEBUG_INFORMATION_FORMAT = "dwarf-with-dsym";
				ENABLE_NS_ASSERTIONS = NO;
				ENABLE_STRICT_OBJC_MSGSEND = YES;
				GCC_C_LANGUAGE_STANDARD = gnu99;
				GCC_NO_COMMON_BLOCKS = YES;
				GCC_WARN_64_TO_32_BIT_CONVERSION = YES;
				GCC_WARN_ABOUT_RETURN_TYPE = YES_ERROR;
				GCC_WARN_UNDECLARED_SELECTOR = YES;
				GCC_WARN_UNINITIALIZED_AUTOS = YES_AGGRESSIVE;
				GCC_WARN_UNUSED_FUNCTION = YES;
				GCC_WARN_UNUSED_VARIABLE = YES;
				IPHONEOS_DEPLOYMENT_TARGET = 9.2;
				MTL_ENABLE_DEBUG_INFO = NO;
				SDKROOT = iphoneos;
				TARGETED_DEVICE_FAMILY = "1,2";
				VALIDATE_PRODUCT = YES;
			};
			name = Release;
		};
		A63761481CBE1BDD00E8B2EB /* Debug */ = {
			isa = XCBuildConfiguration;
			buildSettings = {
				ASSETCATALOG_COMPILER_APPICON_NAME = AppIcon;
				FRAMEWORK_SEARCH_PATHS = "$(PROJECT_DIR)/AudioKit-iOS";
				INFOPLIST_FILE = Test_AudioKit/Info.plist;
				LD_RUNPATH_SEARCH_PATHS = "$(inherited) @executable_path/Frameworks";
				PRODUCT_BUNDLE_IDENTIFIER = "ETML.Test-AudioKit";
				PRODUCT_NAME = "$(TARGET_NAME)";
			};
			name = Debug;
		};
		A63761491CBE1BDD00E8B2EB /* Release */ = {
			isa = XCBuildConfiguration;
			buildSettings = {
				ASSETCATALOG_COMPILER_APPICON_NAME = AppIcon;
				FRAMEWORK_SEARCH_PATHS = "$(PROJECT_DIR)/AudioKit-iOS";
				INFOPLIST_FILE = Test_AudioKit/Info.plist;
				LD_RUNPATH_SEARCH_PATHS = "$(inherited) @executable_path/Frameworks";
				PRODUCT_BUNDLE_IDENTIFIER = "ETML.Test-AudioKit";
				PRODUCT_NAME = "$(TARGET_NAME)";
			};
			name = Release;
		};
		A637614B1CBE1BDD00E8B2EB /* Debug */ = {
			isa = XCBuildConfiguration;
			buildSettings = {
				BUNDLE_LOADER = "$(TEST_HOST)";
				INFOPLIST_FILE = Test_AudioKitTests/Info.plist;
				LD_RUNPATH_SEARCH_PATHS = "$(inherited) @executable_path/Frameworks @loader_path/Frameworks";
				PRODUCT_BUNDLE_IDENTIFIER = "ETML.Test-AudioKitTests";
				PRODUCT_NAME = "$(TARGET_NAME)";
				TEST_HOST = "$(BUILT_PRODUCTS_DIR)/Test_AudioKit.app/Test_AudioKit";
			};
			name = Debug;
		};
		A637614C1CBE1BDD00E8B2EB /* Release */ = {
			isa = XCBuildConfiguration;
			buildSettings = {
				BUNDLE_LOADER = "$(TEST_HOST)";
				INFOPLIST_FILE = Test_AudioKitTests/Info.plist;
				LD_RUNPATH_SEARCH_PATHS = "$(inherited) @executable_path/Frameworks @loader_path/Frameworks";
				PRODUCT_BUNDLE_IDENTIFIER = "ETML.Test-AudioKitTests";
				PRODUCT_NAME = "$(TARGET_NAME)";
				TEST_HOST = "$(BUILT_PRODUCTS_DIR)/Test_AudioKit.app/Test_AudioKit";
			};
			name = Release;
		};
		A637614E1CBE1BDD00E8B2EB /* Debug */ = {
			isa = XCBuildConfiguration;
			buildSettings = {
				INFOPLIST_FILE = Test_AudioKitUITests/Info.plist;
				LD_RUNPATH_SEARCH_PATHS = "$(inherited) @executable_path/Frameworks @loader_path/Frameworks";
				PRODUCT_BUNDLE_IDENTIFIER = "ETML.Test-AudioKitUITests";
				PRODUCT_NAME = "$(TARGET_NAME)";
				TEST_TARGET_NAME = Test_AudioKit;
				USES_XCTRUNNER = YES;
			};
			name = Debug;
		};
		A637614F1CBE1BDD00E8B2EB /* Release */ = {
			isa = XCBuildConfiguration;
			buildSettings = {
				INFOPLIST_FILE = Test_AudioKitUITests/Info.plist;
				LD_RUNPATH_SEARCH_PATHS = "$(inherited) @executable_path/Frameworks @loader_path/Frameworks";
				PRODUCT_BUNDLE_IDENTIFIER = "ETML.Test-AudioKitUITests";
				PRODUCT_NAME = "$(TARGET_NAME)";
				TEST_TARGET_NAME = Test_AudioKit;
				USES_XCTRUNNER = YES;
			};
			name = Release;
		};
/* End XCBuildConfiguration section */

/* Begin XCConfigurationList section */
		A637611A1CBE1BDC00E8B2EB /* Build configuration list for PBXProject "Test_AudioKit" */ = {
			isa = XCConfigurationList;
			buildConfigurations = (
				A63761451CBE1BDD00E8B2EB /* Debug */,
				A63761461CBE1BDD00E8B2EB /* Release */,
			);
			defaultConfigurationIsVisible = 0;
			defaultConfigurationName = Release;
		};
		A63761471CBE1BDD00E8B2EB /* Build configuration list for PBXNativeTarget "Test_AudioKit" */ = {
			isa = XCConfigurationList;
			buildConfigurations = (
				A63761481CBE1BDD00E8B2EB /* Debug */,
				A63761491CBE1BDD00E8B2EB /* Release */,
			);
			defaultConfigurationIsVisible = 0;
		};
		A637614A1CBE1BDD00E8B2EB /* Build configuration list for PBXNativeTarget "Test_AudioKitTests" */ = {
			isa = XCConfigurationList;
			buildConfigurations = (
				A637614B1CBE1BDD00E8B2EB /* Debug */,
				A637614C1CBE1BDD00E8B2EB /* Release */,
			);
			defaultConfigurationIsVisible = 0;
		};
		A637614D1CBE1BDD00E8B2EB /* Build configuration list for PBXNativeTarget "Test_AudioKitUITests" */ = {
			isa = XCConfigurationList;
			buildConfigurations = (
				A637614E1CBE1BDD00E8B2EB /* Debug */,
				A637614F1CBE1BDD00E8B2EB /* Release */,
			);
			defaultConfigurationIsVisible = 0;
		};
/* End XCConfigurationList section */
	};
	rootObject = A63761171CBE1BDC00E8B2EB /* Project object */;
}
